// !$*UTF8*$!
{
	archiveVersion = 1;
	classes = {
	};
	objectVersion = 55;
	objects = {

/* Begin PBXBuildFile section */
		C17D869E2892A2F800E00FFB /* FruitNutrientView.swift in Sources */ = {isa = PBXBuildFile; fileRef = C17D869D2892A2F700E00FFB /* FruitNutrientView.swift */; };
		C18DE3BF28900D3100815CA2 /* FruitCardView.swift in Sources */ = {isa = PBXBuildFile; fileRef = C18DE3BE28900D3100815CA2 /* FruitCardView.swift */; };
		C19B7281289203C2004CAF82 /* SourceLinkView.swift in Sources */ = {isa = PBXBuildFile; fileRef = C19B7280289203C2004CAF82 /* SourceLinkView.swift */; };
		C1D98C4428901C3D00DAB677 /* StartButtonView.swift in Sources */ = {isa = PBXBuildFile; fileRef = C1D98C4328901C3D00DAB677 /* StartButtonView.swift */; };
		C1D98C462890248800DAB677 /* OnBoardingView.swift in Sources */ = {isa = PBXBuildFile; fileRef = C1D98C452890248800DAB677 /* OnBoardingView.swift */; };
		C1D98C492890A09E00DAB677 /* FruitModel.swift in Sources */ = {isa = PBXBuildFile; fileRef = C1D98C482890A09E00DAB677 /* FruitModel.swift */; };
		C1D98C4C2890A25C00DAB677 /* FruitData.swift in Sources */ = {isa = PBXBuildFile; fileRef = C1D98C4B2890A25C00DAB677 /* FruitData.swift */; };
		C1D98C50289197D100DAB677 /* FruitRowView.swift in Sources */ = {isa = PBXBuildFile; fileRef = C1D98C4F289197D100DAB677 /* FruitRowView.swift */; };
		C1D98C522891EFD300DAB677 /* FruitDetailView.swift in Sources */ = {isa = PBXBuildFile; fileRef = C1D98C512891EFD300DAB677 /* FruitDetailView.swift */; };
		C1D98C542891FA8100DAB677 /* FruitHeaderView.swift in Sources */ = {isa = PBXBuildFile; fileRef = C1D98C532891FA8100DAB677 /* FruitHeaderView.swift */; };
		C1E607FE288FFD4100920D12 /* FruitsApp.swift in Sources */ = {isa = PBXBuildFile; fileRef = C1E607FD288FFD4100920D12 /* FruitsApp.swift */; };
		C1E60800288FFD4100920D12 /* ContentView.swift in Sources */ = {isa = PBXBuildFile; fileRef = C1E607FF288FFD4100920D12 /* ContentView.swift */; };
		C1E60802288FFD4300920D12 /* Assets.xcassets in Resources */ = {isa = PBXBuildFile; fileRef = C1E60801288FFD4300920D12 /* Assets.xcassets */; };
		C1E60805288FFD4300920D12 /* Preview Assets.xcassets in Resources */ = {isa = PBXBuildFile; fileRef = C1E60804288FFD4300920D12 /* Preview Assets.xcassets */; };
		C1EECB052892B66900075864 /* SettingsVIew.swift in Sources */ = {isa = PBXBuildFile; fileRef = C1EECB042892B66900075864 /* SettingsVIew.swift */; };
		C1EECB072893443700075864 /* SettingsLabelView.swift in Sources */ = {isa = PBXBuildFile; fileRef = C1EECB062893443700075864 /* SettingsLabelView.swift */; };
		C1EECB092893500100075864 /* SettingsRowView.swift in Sources */ = {isa = PBXBuildFile; fileRef = C1EECB082893500100075864 /* SettingsRowView.swift */; };
/* End PBXBuildFile section */

/* Begin PBXFileReference section */
		C17D869D2892A2F700E00FFB /* FruitNutrientView.swift */ = {isa = PBXFileReference; lastKnownFileType = sourcecode.swift; path = FruitNutrientView.swift; sourceTree = "<group>"; };
		C18DE3BE28900D3100815CA2 /* FruitCardView.swift */ = {isa = PBXFileReference; lastKnownFileType = sourcecode.swift; path = FruitCardView.swift; sourceTree = "<group>"; };
		C19B7280289203C2004CAF82 /* SourceLinkView.swift */ = {isa = PBXFileReference; lastKnownFileType = sourcecode.swift; path = SourceLinkView.swift; sourceTree = "<group>"; };
		C1D98C4328901C3D00DAB677 /* StartButtonView.swift */ = {isa = PBXFileReference; lastKnownFileType = sourcecode.swift; path = StartButtonView.swift; sourceTree = "<group>"; };
		C1D98C452890248800DAB677 /* OnBoardingView.swift */ = {isa = PBXFileReference; lastKnownFileType = sourcecode.swift; path = OnBoardingView.swift; sourceTree = "<group>"; };
		C1D98C482890A09E00DAB677 /* FruitModel.swift */ = {isa = PBXFileReference; lastKnownFileType = sourcecode.swift; path = FruitModel.swift; sourceTree = "<group>"; };
		C1D98C4B2890A25C00DAB677 /* FruitData.swift */ = {isa = PBXFileReference; lastKnownFileType = sourcecode.swift; path = FruitData.swift; sourceTree = "<group>"; };
		C1D98C4F289197D100DAB677 /* FruitRowView.swift */ = {isa = PBXFileReference; lastKnownFileType = sourcecode.swift; path = FruitRowView.swift; sourceTree = "<group>"; };
		C1D98C512891EFD300DAB677 /* FruitDetailView.swift */ = {isa = PBXFileReference; lastKnownFileType = sourcecode.swift; path = FruitDetailView.swift; sourceTree = "<group>"; };
		C1D98C532891FA8100DAB677 /* FruitHeaderView.swift */ = {isa = PBXFileReference; lastKnownFileType = sourcecode.swift; path = FruitHeaderView.swift; sourceTree = "<group>"; };
		C1E607FA288FFD4100920D12 /* Fruits.app */ = {isa = PBXFileReference; explicitFileType = wrapper.application; includeInIndex = 0; path = Fruits.app; sourceTree = BUILT_PRODUCTS_DIR; };
		C1E607FD288FFD4100920D12 /* FruitsApp.swift */ = {isa = PBXFileReference; lastKnownFileType = sourcecode.swift; path = FruitsApp.swift; sourceTree = "<group>"; };
		C1E607FF288FFD4100920D12 /* ContentView.swift */ = {isa = PBXFileReference; lastKnownFileType = sourcecode.swift; path = ContentView.swift; sourceTree = "<group>"; };
		C1E60801288FFD4300920D12 /* Assets.xcassets */ = {isa = PBXFileReference; lastKnownFileType = folder.assetcatalog; path = Assets.xcassets; sourceTree = "<group>"; };
		C1E60804288FFD4300920D12 /* Preview Assets.xcassets */ = {isa = PBXFileReference; lastKnownFileType = folder.assetcatalog; path = "Preview Assets.xcassets"; sourceTree = "<group>"; };
		C1EECB042892B66900075864 /* SettingsVIew.swift */ = {isa = PBXFileReference; lastKnownFileType = sourcecode.swift; path = SettingsVIew.swift; sourceTree = "<group>"; };
		C1EECB062893443700075864 /* SettingsLabelView.swift */ = {isa = PBXFileReference; lastKnownFileType = sourcecode.swift; path = SettingsLabelView.swift; sourceTree = "<group>"; };
		C1EECB082893500100075864 /* SettingsRowView.swift */ = {isa = PBXFileReference; lastKnownFileType = sourcecode.swift; path = SettingsRowView.swift; sourceTree = "<group>"; };
/* End PBXFileReference section */

/* Begin PBXFrameworksBuildPhase section */
		C1E607F7288FFD4100920D12 /* Frameworks */ = {
			isa = PBXFrameworksBuildPhase;
			buildActionMask = 2147483647;
			files = (
			);
			runOnlyForDeploymentPostprocessing = 0;
		};
/* End PBXFrameworksBuildPhase section */

/* Begin PBXGroup section */
		C1D98C472890A08500DAB677 /* Models */ = {
			isa = PBXGroup;
			children = (
				C1D98C482890A09E00DAB677 /* FruitModel.swift */,
			);
			path = Models;
			sourceTree = "<group>";
		};
		C1D98C4A2890A22E00DAB677 /* Data */ = {
			isa = PBXGroup;
			children = (
				C1D98C4B2890A25C00DAB677 /* FruitData.swift */,
			);
			path = Data;
			sourceTree = "<group>";
		};
		C1E607F1288FFD4100920D12 = {
			isa = PBXGroup;
			children = (
				C1E607FC288FFD4100920D12 /* Fruits */,
				C1E607FB288FFD4100920D12 /* Products */,
			);
			sourceTree = "<group>";
		};
		C1E607FB288FFD4100920D12 /* Products */ = {
			isa = PBXGroup;
			children = (
				C1E607FA288FFD4100920D12 /* Fruits.app */,
			);
			name = Products;
			sourceTree = "<group>";
		};
		C1E607FC288FFD4100920D12 /* Fruits */ = {
			isa = PBXGroup;
			children = (
				C1D98C4A2890A22E00DAB677 /* Data */,
				C1D98C472890A08500DAB677 /* Models */,
				C1E6080C28900B9900920D12 /* Views */,
				C1E6080B28900B5900920D12 /* Screens */,
				C1E60801288FFD4300920D12 /* Assets.xcassets */,
				C1E60803288FFD4300920D12 /* Preview Content */,
			);
			path = Fruits;
			sourceTree = "<group>";
		};
		C1E60803288FFD4300920D12 /* Preview Content */ = {
			isa = PBXGroup;
			children = (
				C1E60804288FFD4300920D12 /* Preview Assets.xcassets */,
			);
			path = "Preview Content";
			sourceTree = "<group>";
		};
		C1E6080B28900B5900920D12 /* Screens */ = {
			isa = PBXGroup;
			children = (
				C1E607FD288FFD4100920D12 /* FruitsApp.swift */,
				C1E607FF288FFD4100920D12 /* ContentView.swift */,
				C1D98C452890248800DAB677 /* OnBoardingView.swift */,
				C1D98C512891EFD300DAB677 /* FruitDetailView.swift */,
				C1EECB042892B66900075864 /* SettingsVIew.swift */,
			);
			path = Screens;
			sourceTree = "<group>";
		};
		C1E6080C28900B9900920D12 /* Views */ = {
			isa = PBXGroup;
			children = (
				C18DE3BE28900D3100815CA2 /* FruitCardView.swift */,
				C1D98C4328901C3D00DAB677 /* StartButtonView.swift */,
				C1D98C4F289197D100DAB677 /* FruitRowView.swift */,
				C1D98C532891FA8100DAB677 /* FruitHeaderView.swift */,
				C19B7280289203C2004CAF82 /* SourceLinkView.swift */,
				C17D869D2892A2F700E00FFB /* FruitNutrientView.swift */,
				C1EECB062893443700075864 /* SettingsLabelView.swift */,
				C1EECB082893500100075864 /* SettingsRowView.swift */,
			);
			path = Views;
			sourceTree = "<group>";
		};
/* End PBXGroup section */

/* Begin PBXNativeTarget section */
		C1E607F9288FFD4100920D12 /* Fruits */ = {
			isa = PBXNativeTarget;
			buildConfigurationList = C1E60808288FFD4300920D12 /* Build configuration list for PBXNativeTarget "Fruits" */;
			buildPhases = (
				C1E607F6288FFD4100920D12 /* Sources */,
				C1E607F7288FFD4100920D12 /* Frameworks */,
				C1E607F8288FFD4100920D12 /* Resources */,
			);
			buildRules = (
			);
			dependencies = (
			);
			name = Fruits;
			productName = Fruits;
			productReference = C1E607FA288FFD4100920D12 /* Fruits.app */;
			productType = "com.apple.product-type.application";
		};
/* End PBXNativeTarget section */

/* Begin PBXProject section */
		C1E607F2288FFD4100920D12 /* Project object */ = {
			isa = PBXProject;
			attributes = {
				BuildIndependentTargetsInParallel = 1;
				LastSwiftUpdateCheck = 1320;
				LastUpgradeCheck = 1320;
				TargetAttributes = {
					C1E607F9288FFD4100920D12 = {
						CreatedOnToolsVersion = 13.2.1;
					};
				};
			};
			buildConfigurationList = C1E607F5288FFD4100920D12 /* Build configuration list for PBXProject "Fruits" */;
			compatibilityVersion = "Xcode 13.0";
			developmentRegion = en;
			hasScannedForEncodings = 0;
			knownRegions = (
				en,
				Base,
			);
			mainGroup = C1E607F1288FFD4100920D12;
			productRefGroup = C1E607FB288FFD4100920D12 /* Products */;
			projectDirPath = "";
			projectRoot = "";
			targets = (
				C1E607F9288FFD4100920D12 /* Fruits */,
			);
		};
/* End PBXProject section */

/* Begin PBXResourcesBuildPhase section */
		C1E607F8288FFD4100920D12 /* Resources */ = {
			isa = PBXResourcesBuildPhase;
			buildActionMask = 2147483647;
			files = (
				C1E60805288FFD4300920D12 /* Preview Assets.xcassets in Resources */,
				C1E60802288FFD4300920D12 /* Assets.xcassets in Resources */,
			);
			runOnlyForDeploymentPostprocessing = 0;
		};
/* End PBXResourcesBuildPhase section */

/* Begin PBXSourcesBuildPhase section */
		C1E607F6288FFD4100920D12 /* Sources */ = {
			isa = PBXSourcesBuildPhase;
			buildActionMask = 2147483647;
			files = (
				C1D98C4C2890A25C00DAB677 /* FruitData.swift in Sources */,
				C19B7281289203C2004CAF82 /* SourceLinkView.swift in Sources */,
				C1EECB092893500100075864 /* SettingsRowView.swift in Sources */,
				C18DE3BF28900D3100815CA2 /* FruitCardView.swift in Sources */,
				C1D98C50289197D100DAB677 /* FruitRowView.swift in Sources */,
				C1D98C4428901C3D00DAB677 /* StartButtonView.swift in Sources */,
				C1EECB052892B66900075864 /* SettingsVIew.swift in Sources */,
				C1D98C522891EFD300DAB677 /* FruitDetailView.swift in Sources */,
				C1E60800288FFD4100920D12 /* ContentView.swift in Sources */,
				C1D98C542891FA8100DAB677 /* FruitHeaderView.swift in Sources */,
				C17D869E2892A2F800E00FFB /* FruitNutrientView.swift in Sources */,
				C1EECB072893443700075864 /* SettingsLabelView.swift in Sources */,
				C1D98C462890248800DAB677 /* OnBoardingView.swift in Sources */,
				C1D98C492890A09E00DAB677 /* FruitModel.swift in Sources */,
				C1E607FE288FFD4100920D12 /* FruitsApp.swift in Sources */,
			);
			runOnlyForDeploymentPostprocessing = 0;
		};
/* End PBXSourcesBuildPhase section */

/* Begin XCBuildConfiguration section */
		C1E60806288FFD4300920D12 /* Debug */ = {
			isa = XCBuildConfiguration;
			buildSettings = {
				ALWAYS_SEARCH_USER_PATHS = NO;
				CLANG_ANALYZER_NONNULL = YES;
				CLANG_ANALYZER_NUMBER_OBJECT_CONVERSION = YES_AGGRESSIVE;
				CLANG_CXX_LANGUAGE_STANDARD = "gnu++17";
				CLANG_CXX_LIBRARY = "libc++";
				CLANG_ENABLE_MODULES = YES;
				CLANG_ENABLE_OBJC_ARC = YES;
				CLANG_ENABLE_OBJC_WEAK = YES;
				CLANG_WARN_BLOCK_CAPTURE_AUTORELEASING = YES;
				CLANG_WARN_BOOL_CONVERSION = YES;
				CLANG_WARN_COMMA = YES;
				CLANG_WARN_CONSTANT_CONVERSION = YES;
				CLANG_WARN_DEPRECATED_OBJC_IMPLEMENTATIONS = YES;
				CLANG_WARN_DIRECT_OBJC_ISA_USAGE = YES_ERROR;
				CLANG_WARN_DOCUMENTATION_COMMENTS = YES;
				CLANG_WARN_EMPTY_BODY = YES;
				CLANG_WARN_ENUM_CONVERSION = YES;
				CLANG_WARN_INFINITE_RECURSION = YES;
				CLANG_WARN_INT_CONVERSION = YES;
				CLANG_WARN_NON_LITERAL_NULL_CONVERSION = YES;
				CLANG_WARN_OBJC_IMPLICIT_RETAIN_SELF = YES;
				CLANG_WARN_OBJC_LITERAL_CONVERSION = YES;
				CLANG_WARN_OBJC_ROOT_CLASS = YES_ERROR;
				CLANG_WARN_QUOTED_INCLUDE_IN_FRAMEWORK_HEADER = YES;
				CLANG_WARN_RANGE_LOOP_ANALYSIS = YES;
				CLANG_WARN_STRICT_PROTOTYPES = YES;
				CLANG_WARN_SUSPICIOUS_MOVE = YES;
				CLANG_WARN_UNGUARDED_AVAILABILITY = YES_AGGRESSIVE;
				CLANG_WARN_UNREACHABLE_CODE = YES;
				CLANG_WARN__DUPLICATE_METHOD_MATCH = YES;
				COPY_PHASE_STRIP = NO;
				DEBUG_INFORMATION_FORMAT = dwarf;
				ENABLE_STRICT_OBJC_MSGSEND = YES;
				ENABLE_TESTABILITY = YES;
				GCC_C_LANGUAGE_STANDARD = gnu11;
				GCC_DYNAMIC_NO_PIC = NO;
				GCC_NO_COMMON_BLOCKS = YES;
				GCC_OPTIMIZATION_LEVEL = 0;
				GCC_PREPROCESSOR_DEFINITIONS = (
					"DEBUG=1",
					"$(inherited)",
				);
				GCC_WARN_64_TO_32_BIT_CONVERSION = YES;
				GCC_WARN_ABOUT_RETURN_TYPE = YES_ERROR;
				GCC_WARN_UNDECLARED_SELECTOR = YES;
				GCC_WARN_UNINITIALIZED_AUTOS = YES_AGGRESSIVE;
				GCC_WARN_UNUSED_FUNCTION = YES;
				GCC_WARN_UNUSED_VARIABLE = YES;
				IPHONEOS_DEPLOYMENT_TARGET = 15.2;
				MTL_ENABLE_DEBUG_INFO = INCLUDE_SOURCE;
				MTL_FAST_MATH = YES;
				ONLY_ACTIVE_ARCH = YES;
				SDKROOT = iphoneos;
				SWIFT_ACTIVE_COMPILATION_CONDITIONS = DEBUG;
				SWIFT_OPTIMIZATION_LEVEL = "-Onone";
			};
			name = Debug;
		};
		C1E60807288FFD4300920D12 /* Release */ = {
			isa = XCBuildConfiguration;
			buildSettings = {
				ALWAYS_SEARCH_USER_PATHS = NO;
				CLANG_ANALYZER_NONNULL = YES;
				CLANG_ANALYZER_NUMBER_OBJECT_CONVERSION = YES_AGGRESSIVE;
				CLANG_CXX_LANGUAGE_STANDARD = "gnu++17";
				CLANG_CXX_LIBRARY = "libc++";
				CLANG_ENABLE_MODULES = YES;
				CLANG_ENABLE_OBJC_ARC = YES;
				CLANG_ENABLE_OBJC_WEAK = YES;
				CLANG_WARN_BLOCK_CAPTURE_AUTORELEASING = YES;
				CLANG_WARN_BOOL_CONVERSION = YES;
				CLANG_WARN_COMMA = YES;
				CLANG_WARN_CONSTANT_CONVERSION = YES;
				CLANG_WARN_DEPRECATED_OBJC_IMPLEMENTATIONS = YES;
				CLANG_WARN_DIRECT_OBJC_ISA_USAGE = YES_ERROR;
				CLANG_WARN_DOCUMENTATION_COMMENTS = YES;
				CLANG_WARN_EMPTY_BODY = YES;
				CLANG_WARN_ENUM_CONVERSION = YES;
				CLANG_WARN_INFINITE_RECURSION = YES;
				CLANG_WARN_INT_CONVERSION = YES;
				CLANG_WARN_NON_LITERAL_NULL_CONVERSION = YES;
				CLANG_WARN_OBJC_IMPLICIT_RETAIN_SELF = YES;
				CLANG_WARN_OBJC_LITERAL_CONVERSION = YES;
				CLANG_WARN_OBJC_ROOT_CLASS = YES_ERROR;
				CLANG_WARN_QUOTED_INCLUDE_IN_FRAMEWORK_HEADER = YES;
				CLANG_WARN_RANGE_LOOP_ANALYSIS = YES;
				CLANG_WARN_STRICT_PROTOTYPES = YES;
				CLANG_WARN_SUSPICIOUS_MOVE = YES;
				CLANG_WARN_UNGUARDED_AVAILABILITY = YES_AGGRESSIVE;
				CLANG_WARN_UNREACHABLE_CODE = YES;
				CLANG_WARN__DUPLICATE_METHOD_MATCH = YES;
				COPY_PHASE_STRIP = NO;
				DEBUG_INFORMATION_FORMAT = "dwarf-with-dsym";
				ENABLE_NS_ASSERTIONS = NO;
				ENABLE_STRICT_OBJC_MSGSEND = YES;
				GCC_C_LANGUAGE_STANDARD = gnu11;
				GCC_NO_COMMON_BLOCKS = YES;
				GCC_WARN_64_TO_32_BIT_CONVERSION = YES;
				GCC_WARN_ABOUT_RETURN_TYPE = YES_ERROR;
				GCC_WARN_UNDECLARED_SELECTOR = YES;
				GCC_WARN_UNINITIALIZED_AUTOS = YES_AGGRESSIVE;
				GCC_WARN_UNUSED_FUNCTION = YES;
				GCC_WARN_UNUSED_VARIABLE = YES;
				IPHONEOS_DEPLOYMENT_TARGET = 15.2;
				MTL_ENABLE_DEBUG_INFO = NO;
				MTL_FAST_MATH = YES;
				SDKROOT = iphoneos;
				SWIFT_COMPILATION_MODE = wholemodule;
				SWIFT_OPTIMIZATION_LEVEL = "-O";
				VALIDATE_PRODUCT = YES;
			};
			name = Release;
		};
		C1E60809288FFD4300920D12 /* Debug */ = {
			isa = XCBuildConfiguration;
			buildSettings = {
				ASSETCATALOG_COMPILER_APPICON_NAME = AppIcon;
				ASSETCATALOG_COMPILER_GLOBAL_ACCENT_COLOR_NAME = AccentColor;
				CODE_SIGN_STYLE = Automatic;
				CURRENT_PROJECT_VERSION = 1;
				DEVELOPMENT_ASSET_PATHS = "\"Fruits/Preview Content\"";
				ENABLE_PREVIEWS = YES;
				GENERATE_INFOPLIST_FILE = YES;
				INFOPLIST_KEY_UIApplicationSceneManifest_Generation = YES;
				INFOPLIST_KEY_UIApplicationSupportsIndirectInputEvents = YES;
				INFOPLIST_KEY_UILaunchScreen_Generation = YES;
				INFOPLIST_KEY_UISupportedInterfaceOrientations = UIInterfaceOrientationPortrait;
				INFOPLIST_KEY_UISupportedInterfaceOrientations_iPad = "UIInterfaceOrientationPortrait UIInterfaceOrientationPortraitUpsideDown UIInterfaceOrientationLandscapeLeft UIInterfaceOrientationLandscapeRight";
				INFOPLIST_KEY_UISupportedInterfaceOrientations_iPhone = "UIInterfaceOrientationPortrait UIInterfaceOrientationLandscapeLeft UIInterfaceOrientationLandscapeRight";
				LD_RUNPATH_SEARCH_PATHS = (
					"$(inherited)",
					"@executable_path/Frameworks",
				);
				MARKETING_VERSION = 1.0;
				PRODUCT_BUNDLE_IDENTIFIER = Samroz.Fruits;
				PRODUCT_NAME = "$(TARGET_NAME)";
				SWIFT_EMIT_LOC_STRINGS = YES;
				SWIFT_VERSION = 5.0;
				TARGETED_DEVICE_FAMILY = "1,2";
			};
			name = Debug;
		};
		C1E6080A288FFD4300920D12 /* Release */ = {
			isa = XCBuildConfiguration;
			buildSettings = {
				ASSETCATALOG_COMPILER_APPICON_NAME = AppIcon;
				ASSETCATALOG_COMPILER_GLOBAL_ACCENT_COLOR_NAME = AccentColor;
				CODE_SIGN_STYLE = Automatic;
				CURRENT_PROJECT_VERSION = 1;
				DEVELOPMENT_ASSET_PATHS = "\"Fruits/Preview Content\"";
				ENABLE_PREVIEWS = YES;
				GENERATE_INFOPLIST_FILE = YES;
				INFOPLIST_KEY_UIApplicationSceneManifest_Generation = YES;
				INFOPLIST_KEY_UIApplicationSupportsIndirectInputEvents = YES;
				INFOPLIST_KEY_UILaunchScreen_Generation = YES;
				INFOPLIST_KEY_UISupportedInterfaceOrientations = UIInterfaceOrientationPortrait;
				INFOPLIST_KEY_UISupportedInterfaceOrientations_iPad = "UIInterfaceOrientationPortrait UIInterfaceOrientationPortraitUpsideDown UIInterfaceOrientationLandscapeLeft UIInterfaceOrientationLandscapeRight";
				INFOPLIST_KEY_UISupportedInterfaceOrientations_iPhone = "UIInterfaceOrientationPortrait UIInterfaceOrientationLandscapeLeft UIInterfaceOrientationLandscapeRight";
				LD_RUNPATH_SEARCH_PATHS = (
					"$(inherited)",
					"@executable_path/Frameworks",
				);
				MARKETING_VERSION = 1.0;
				PRODUCT_BUNDLE_IDENTIFIER = Samroz.Fruits;
				PRODUCT_NAME = "$(TARGET_NAME)";
				SWIFT_EMIT_LOC_STRINGS = YES;
				SWIFT_VERSION = 5.0;
				TARGETED_DEVICE_FAMILY = "1,2";
			};
			name = Release;
		};
/* End XCBuildConfiguration section */

/* Begin XCConfigurationList section */
		C1E607F5288FFD4100920D12 /* Build configuration list for PBXProject "Fruits" */ = {
			isa = XCConfigurationList;
			buildConfigurations = (
				C1E60806288FFD4300920D12 /* Debug */,
				C1E60807288FFD4300920D12 /* Release */,
			);
			defaultConfigurationIsVisible = 0;
			defaultConfigurationName = Release;
		};
		C1E60808288FFD4300920D12 /* Build configuration list for PBXNativeTarget "Fruits" */ = {
			isa = XCConfigurationList;
			buildConfigurations = (
				C1E60809288FFD4300920D12 /* Debug */,
				C1E6080A288FFD4300920D12 /* Release */,
			);
			defaultConfigurationIsVisible = 0;
			defaultConfigurationName = Release;
		};
/* End XCConfigurationList section */
	};
	rootObject = C1E607F2288FFD4100920D12 /* Project object */;
}
